// !$*UTF8*$!
{
	archiveVersion = 1;
	classes = {
	};
	objectVersion = 46;
	objects = {

/* Begin PBXBuildFile section */
		6C3903F11C573513008B9806 /* AppDelegate.swift in Sources */ = {isa = PBXBuildFile; fileRef = 6C3903F01C573513008B9806 /* AppDelegate.swift */; };
		6C3903F31C573513008B9806 /* MasterViewController.swift in Sources */ = {isa = PBXBuildFile; fileRef = 6C3903F21C573513008B9806 /* MasterViewController.swift */; };
		6C3903F51C573513008B9806 /* DetailViewController.swift in Sources */ = {isa = PBXBuildFile; fileRef = 6C3903F41C573513008B9806 /* DetailViewController.swift */; };
		6C3903F81C573513008B9806 /* Main.storyboard in Resources */ = {isa = PBXBuildFile; fileRef = 6C3903F61C573513008B9806 /* Main.storyboard */; };
		6C3903FA1C573513008B9806 /* Assets.xcassets in Resources */ = {isa = PBXBuildFile; fileRef = 6C3903F91C573513008B9806 /* Assets.xcassets */; };
		6C3903FD1C573513008B9806 /* LaunchScreen.storyboard in Resources */ = {isa = PBXBuildFile; fileRef = 6C3903FB1C573513008B9806 /* LaunchScreen.storyboard */; };
		6C3904081C573513008B9806 /* swiftPracTests.swift in Sources */ = {isa = PBXBuildFile; fileRef = 6C3904071C573513008B9806 /* swiftPracTests.swift */; };
		6C3904131C573514008B9806 /* swiftPracUITests.swift in Sources */ = {isa = PBXBuildFile; fileRef = 6C3904121C573514008B9806 /* swiftPracUITests.swift */; };
/* End PBXBuildFile section */

/* Begin PBXContainerItemProxy section */
		6C3904041C573513008B9806 /* PBXContainerItemProxy */ = {
			isa = PBXContainerItemProxy;
			containerPortal = 6C3903E51C573513008B9806 /* Project object */;
			proxyType = 1;
			remoteGlobalIDString = 6C3903EC1C573513008B9806;
			remoteInfo = swiftPrac;
		};
		6C39040F1C573513008B9806 /* PBXContainerItemProxy */ = {
			isa = PBXContainerItemProxy;
			containerPortal = 6C3903E51C573513008B9806 /* Project object */;
			proxyType = 1;
			remoteGlobalIDString = 6C3903EC1C573513008B9806;
			remoteInfo = swiftPrac;
		};
/* End PBXContainerItemProxy section */

/* Begin PBXFileReference section */
		6C3903ED1C573513008B9806 /* swiftPrac.app */ = {isa = PBXFileReference; explicitFileType = wrapper.application; includeInIndex = 0; path = swiftPrac.app; sourceTree = BUILT_PRODUCTS_DIR; };
		6C3903F01C573513008B9806 /* AppDelegate.swift */ = {isa = PBXFileReference; lastKnownFileType = sourcecode.swift; path = AppDelegate.swift; sourceTree = "<group>"; };
		6C3903F21C573513008B9806 /* MasterViewController.swift */ = {isa = PBXFileReference; lastKnownFileType = sourcecode.swift; path = MasterViewController.swift; sourceTree = "<group>"; };
		6C3903F41C573513008B9806 /* DetailViewController.swift */ = {isa = PBXFileReference; lastKnownFileType = sourcecode.swift; path = DetailViewController.swift; sourceTree = "<group>"; };
		6C3903F71C573513008B9806 /* Base */ = {isa = PBXFileReference; lastKnownFileType = file.storyboard; name = Base; path = Base.lproj/Main.storyboard; sourceTree = "<group>"; };
		6C3903F91C573513008B9806 /* Assets.xcassets */ = {isa = PBXFileReference; lastKnownFileType = folder.assetcatalog; path = Assets.xcassets; sourceTree = "<group>"; };
		6C3903FC1C573513008B9806 /* Base */ = {isa = PBXFileReference; lastKnownFileType = file.storyboard; name = Base; path = Base.lproj/LaunchScreen.storyboard; sourceTree = "<group>"; };
		6C3903FE1C573513008B9806 /* Info.plist */ = {isa = PBXFileReference; lastKnownFileType = text.plist.xml; path = Info.plist; sourceTree = "<group>"; };
		6C3904031C573513008B9806 /* swiftPracTests.xctest */ = {isa = PBXFileReference; explicitFileType = wrapper.cfbundle; includeInIndex = 0; path = swiftPracTests.xctest; sourceTree = BUILT_PRODUCTS_DIR; };
		6C3904071C573513008B9806 /* swiftPracTests.swift */ = {isa = PBXFileReference; lastKnownFileType = sourcecode.swift; path = swiftPracTests.swift; sourceTree = "<group>"; };
		6C3904091C573513008B9806 /* Info.plist */ = {isa = PBXFileReference; lastKnownFileType = text.plist.xml; path = Info.plist; sourceTree = "<group>"; };
		6C39040E1C573513008B9806 /* swiftPracUITests.xctest */ = {isa = PBXFileReference; explicitFileType = wrapper.cfbundle; includeInIndex = 0; path = swiftPracUITests.xctest; sourceTree = BUILT_PRODUCTS_DIR; };
		6C3904121C573514008B9806 /* swiftPracUITests.swift */ = {isa = PBXFileReference; lastKnownFileType = sourcecode.swift; path = swiftPracUITests.swift; sourceTree = "<group>"; };
		6C3904141C573514008B9806 /* Info.plist */ = {isa = PBXFileReference; lastKnownFileType = text.plist.xml; path = Info.plist; sourceTree = "<group>"; };
/* End PBXFileReference section */

/* Begin PBXFrameworksBuildPhase section */
		6C3903EA1C573513008B9806 /* Frameworks */ = {
			isa = PBXFrameworksBuildPhase;
			buildActionMask = 2147483647;
			files = (
			);
			runOnlyForDeploymentPostprocessing = 0;
		};
		6C3904001C573513008B9806 /* Frameworks */ = {
			isa = PBXFrameworksBuildPhase;
			buildActionMask = 2147483647;
			files = (
			);
			runOnlyForDeploymentPostprocessing = 0;
		};
		6C39040B1C573513008B9806 /* Frameworks */ = {
			isa = PBXFrameworksBuildPhase;
			buildActionMask = 2147483647;
			files = (
			);
			runOnlyForDeploymentPostprocessing = 0;
		};
/* End PBXFrameworksBuildPhase section */

/* Begin PBXGroup section */
		6C3903E41C573513008B9806 = {
			isa = PBXGroup;
			children = (
				6C3903EF1C573513008B9806 /* swiftPrac */,
				6C3904061C573513008B9806 /* swiftPracTests */,
				6C3904111C573513008B9806 /* swiftPracUITests */,
				6C3903EE1C573513008B9806 /* Products */,
			);
			sourceTree = "<group>";
		};
		6C3903EE1C573513008B9806 /* Products */ = {
			isa = PBXGroup;
			children = (
				6C3903ED1C573513008B9806 /* swiftPrac.app */,
				6C3904031C573513008B9806 /* swiftPracTests.xctest */,
				6C39040E1C573513008B9806 /* swiftPracUITests.xctest */,
			);
			name = Products;
			sourceTree = "<group>";
		};
		6C3903EF1C573513008B9806 /* swiftPrac */ = {
			isa = PBXGroup;
			children = (
				6C3903F01C573513008B9806 /* AppDelegate.swift */,
				6C3903F21C573513008B9806 /* MasterViewController.swift */,
				6C3903F41C573513008B9806 /* DetailViewController.swift */,
				6C3903F61C573513008B9806 /* Main.storyboard */,
				6C3903F91C573513008B9806 /* Assets.xcassets */,
				6C3903FB1C573513008B9806 /* LaunchScreen.storyboard */,
				6C3903FE1C573513008B9806 /* Info.plist */,
			);
			path = swiftPrac;
			sourceTree = "<group>";
		};
		6C3904061C573513008B9806 /* swiftPracTests */ = {
			isa = PBXGroup;
			children = (
				6C3904071C573513008B9806 /* swiftPracTests.swift */,
				6C3904091C573513008B9806 /* Info.plist */,
			);
			path = swiftPracTests;
			sourceTree = "<group>";
		};
		6C3904111C573513008B9806 /* swiftPracUITests */ = {
			isa = PBXGroup;
			children = (
				6C3904121C573514008B9806 /* swiftPracUITests.swift */,
				6C3904141C573514008B9806 /* Info.plist */,
			);
			path = swiftPracUITests;
			sourceTree = "<group>";
		};
/* End PBXGroup section */

/* Begin PBXNativeTarget section */
		6C3903EC1C573513008B9806 /* swiftPrac */ = {
			isa = PBXNativeTarget;
			buildConfigurationList = 6C3904171C573514008B9806 /* Build configuration list for PBXNativeTarget "swiftPrac" */;
			buildPhases = (
				6C3903E91C573513008B9806 /* Sources */,
				6C3903EA1C573513008B9806 /* Frameworks */,
				6C3903EB1C573513008B9806 /* Resources */,
			);
			buildRules = (
			);
			dependencies = (
			);
			name = swiftPrac;
			productName = swiftPrac;
			productReference = 6C3903ED1C573513008B9806 /* swiftPrac.app */;
			productType = "com.apple.product-type.application";
		};
		6C3904021C573513008B9806 /* swiftPracTests */ = {
			isa = PBXNativeTarget;
			buildConfigurationList = 6C39041A1C573514008B9806 /* Build configuration list for PBXNativeTarget "swiftPracTests" */;
			buildPhases = (
				6C3903FF1C573513008B9806 /* Sources */,
				6C3904001C573513008B9806 /* Frameworks */,
				6C3904011C573513008B9806 /* Resources */,
			);
			buildRules = (
			);
			dependencies = (
				6C3904051C573513008B9806 /* PBXTargetDependency */,
			);
			name = swiftPracTests;
			productName = swiftPracTests;
			productReference = 6C3904031C573513008B9806 /* swiftPracTests.xctest */;
			productType = "com.apple.product-type.bundle.unit-test";
		};
		6C39040D1C573513008B9806 /* swiftPracUITests */ = {
			isa = PBXNativeTarget;
			buildConfigurationList = 6C39041D1C573514008B9806 /* Build configuration list for PBXNativeTarget "swiftPracUITests" */;
			buildPhases = (
				6C39040A1C573513008B9806 /* Sources */,
				6C39040B1C573513008B9806 /* Frameworks */,
				6C39040C1C573513008B9806 /* Resources */,
			);
			buildRules = (
			);
			dependencies = (
				6C3904101C573513008B9806 /* PBXTargetDependency */,
			);
			name = swiftPracUITests;
			productName = swiftPracUITests;
			productReference = 6C39040E1C573513008B9806 /* swiftPracUITests.xctest */;
			productType = "com.apple.product-type.bundle.ui-testing";
		};
/* End PBXNativeTarget section */

/* Begin PBXProject section */
		6C3903E51C573513008B9806 /* Project object */ = {
			isa = PBXProject;
			attributes = {
				LastSwiftUpdateCheck = 0720;
				LastUpgradeCheck = 0720;
				ORGANIZATIONNAME = "桑古　昌輝";
				TargetAttributes = {
					6C3903EC1C573513008B9806 = {
						CreatedOnToolsVersion = 7.2;
					};
					6C3904021C573513008B9806 = {
						CreatedOnToolsVersion = 7.2;
						TestTargetID = 6C3903EC1C573513008B9806;
					};
					6C39040D1C573513008B9806 = {
						CreatedOnToolsVersion = 7.2;
						TestTargetID = 6C3903EC1C573513008B9806;
					};
				};
			};
			buildConfigurationList = 6C3903E81C573513008B9806 /* Build configuration list for PBXProject "swiftPrac" */;
			compatibilityVersion = "Xcode 3.2";
			developmentRegion = English;
			hasScannedForEncodings = 0;
			knownRegions = (
				en,
				Base,
			);
			mainGroup = 6C3903E41C573513008B9806;
			productRefGroup = 6C3903EE1C573513008B9806 /* Products */;
			projectDirPath = "";
			projectRoot = "";
			targets = (
				6C3903EC1C573513008B9806 /* swiftPrac */,
				6C3904021C573513008B9806 /* swiftPracTests */,
				6C39040D1C573513008B9806 /* swiftPracUITests */,
			);
		};
/* End PBXProject section */

/* Begin PBXResourcesBuildPhase section */
		6C3903EB1C573513008B9806 /* Resources */ = {
			isa = PBXResourcesBuildPhase;
			buildActionMask = 2147483647;
			files = (
				6C3903FD1C573513008B9806 /* LaunchScreen.storyboard in Resources */,
				6C3903FA1C573513008B9806 /* Assets.xcassets in Resources */,
				6C3903F81C573513008B9806 /* Main.storyboard in Resources */,
			);
			runOnlyForDeploymentPostprocessing = 0;
		};
		6C3904011C573513008B9806 /* Resources */ = {
			isa = PBXResourcesBuildPhase;
			buildActionMask = 2147483647;
			files = (
			);
			runOnlyForDeploymentPostprocessing = 0;
		};
		6C39040C1C573513008B9806 /* Resources */ = {
			isa = PBXResourcesBuildPhase;
			buildActionMask = 2147483647;
			files = (
			);
			runOnlyForDeploymentPostprocessing = 0;
		};
/* End PBXResourcesBuildPhase section */

/* Begin PBXSourcesBuildPhase section */
		6C3903E91C573513008B9806 /* Sources */ = {
			isa = PBXSourcesBuildPhase;
			buildActionMask = 2147483647;
			files = (
				6C3903F51C573513008B9806 /* DetailViewController.swift in Sources */,
				6C3903F31C573513008B9806 /* MasterViewController.swift in Sources */,
				6C3903F11C573513008B9806 /* AppDelegate.swift in Sources */,
			);
			runOnlyForDeploymentPostprocessing = 0;
		};
		6C3903FF1C573513008B9806 /* Sources */ = {
			isa = PBXSourcesBuildPhase;
			buildActionMask = 2147483647;
			files = (
				6C3904081C573513008B9806 /* swiftPracTests.swift in Sources */,
			);
			runOnlyForDeploymentPostprocessing = 0;
		};
		6C39040A1C573513008B9806 /* Sources */ = {
			isa = PBXSourcesBuildPhase;
			buildActionMask = 2147483647;
			files = (
				6C3904131C573514008B9806 /* swiftPracUITests.swift in Sources */,
			);
			runOnlyForDeploymentPostprocessing = 0;
		};
/* End PBXSourcesBuildPhase section */

/* Begin PBXTargetDependency section */
		6C3904051C573513008B9806 /* PBXTargetDependency */ = {
			isa = PBXTargetDependency;
			target = 6C3903EC1C573513008B9806 /* swiftPrac */;
			targetProxy = 6C3904041C573513008B9806 /* PBXContainerItemProxy */;
		};
		6C3904101C573513008B9806 /* PBXTargetDependency */ = {
			isa = PBXTargetDependency;
			target = 6C3903EC1C573513008B9806 /* swiftPrac */;
			targetProxy = 6C39040F1C573513008B9806 /* PBXContainerItemProxy */;
		};
/* End PBXTargetDependency section */

/* Begin PBXVariantGroup section */
		6C3903F61C573513008B9806 /* Main.storyboard */ = {
			isa = PBXVariantGroup;
			children = (
				6C3903F71C573513008B9806 /* Base */,
			);
			name = Main.storyboard;
			sourceTree = "<group>";
		};
		6C3903FB1C573513008B9806 /* LaunchScreen.storyboard */ = {
			isa = PBXVariantGroup;
			children = (
				6C3903FC1C573513008B9806 /* Base */,
			);
			name = LaunchScreen.storyboard;
			sourceTree = "<group>";
		};
/* End PBXVariantGroup section */

/* Begin XCBuildConfiguration section */
		6C3904151C573514008B9806 /* Debug */ = {
			isa = XCBuildConfiguration;
			buildSettings = {
				ALWAYS_SEARCH_USER_PATHS = NO;
				CLANG_CXX_LANGUAGE_STANDARD = "gnu++0x";
				CLANG_CXX_LIBRARY = "libc++";
				CLANG_ENABLE_MODULES = YES;
				CLANG_ENABLE_OBJC_ARC = YES;
				CLANG_WARN_BOOL_CONVERSION = YES;
				CLANG_WARN_CONSTANT_CONVERSION = YES;
				CLANG_WARN_DIRECT_OBJC_ISA_USAGE = YES_ERROR;
				CLANG_WARN_EMPTY_BODY = YES;
				CLANG_WARN_ENUM_CONVERSION = YES;
				CLANG_WARN_INT_CONVERSION = YES;
				CLANG_WARN_OBJC_ROOT_CLASS = YES_ERROR;
				CLANG_WARN_UNREACHABLE_CODE = YES;
				CLANG_WARN__DUPLICATE_METHOD_MATCH = YES;
				"CODE_SIGN_IDENTITY[sdk=iphoneos*]" = "iPhone Developer";
				COPY_PHASE_STRIP = NO;
				DEBUG_INFORMATION_FORMAT = dwarf;
				ENABLE_STRICT_OBJC_MSGSEND = YES;
				ENABLE_TESTABILITY = YES;
				GCC_C_LANGUAGE_STANDARD = gnu99;
				GCC_DYNAMIC_NO_PIC = NO;
				GCC_NO_COMMON_BLOCKS = YES;
				GCC_OPTIMIZATION_LEVEL = 0;
				GCC_PREPROCESSOR_DEFINITIONS = (
					"DEBUG=1",
					"$(inherited)",
				);
				GCC_WARN_64_TO_32_BIT_CONVERSION = YES;
				GCC_WARN_ABOUT_RETURN_TYPE = YES_ERROR;
				GCC_WARN_UNDECLARED_SELECTOR = YES;
				GCC_WARN_UNINITIALIZED_AUTOS = YES_AGGRESSIVE;
				GCC_WARN_UNUSED_FUNCTION = YES;
				GCC_WARN_UNUSED_VARIABLE = YES;
				IPHONEOS_DEPLOYMENT_TARGET = 9.2;
				MTL_ENABLE_DEBUG_INFO = YES;
				ONLY_ACTIVE_ARCH = YES;
				SDKROOT = iphoneos;
				SWIFT_OPTIMIZATION_LEVEL = "-Onone";
			};
			name = Debug;
		};
		6C3904161C573514008B9806 /* Release */ = {
			isa = XCBuildConfiguration;
			buildSettings = {
				ALWAYS_SEARCH_USER_PATHS = NO;
				CLANG_CXX_LANGUAGE_STANDARD = "gnu++0x";
				CLANG_CXX_LIBRARY = "libc++";
				CLANG_ENABLE_MODULES = YES;
				CLANG_ENABLE_OBJC_ARC = YES;
				CLANG_WARN_BOOL_CONVERSION = YES;
				CLANG_WARN_CONSTANT_CONVERSION = YES;
				CLANG_WARN_DIRECT_OBJC_ISA_USAGE = YES_ERROR;
				CLANG_WARN_EMPTY_BODY = YES;
				CLANG_WARN_ENUM_CONVERSION = YES;
				CLANG_WARN_INT_CONVERSION = YES;
				CLANG_WARN_OBJC_ROOT_CLASS = YES_ERROR;
				CLANG_WARN_UNREACHABLE_CODE = YES;
				CLANG_WARN__DUPLICATE_METHOD_MATCH = YES;
				"CODE_SIGN_IDENTITY[sdk=iphoneos*]" = "iPhone Developer";
				COPY_PHASE_STRIP = NO;
				DEBUG_INFORMATION_FORMAT = "dwarf-with-dsym";
				ENABLE_NS_ASSERTIONS = NO;
				ENABLE_STRICT_OBJC_MSGSEND = YES;
				GCC_C_LANGUAGE_STANDARD = gnu99;
				GCC_NO_COMMON_BLOCKS = YES;
				GCC_WARN_64_TO_32_BIT_CONVERSION = YES;
				GCC_WARN_ABOUT_RETURN_TYPE = YES_ERROR;
				GCC_WARN_UNDECLARED_SELECTOR = YES;
				GCC_WARN_UNINITIALIZED_AUTOS = YES_AGGRESSIVE;
				GCC_WARN_UNUSED_FUNCTION = YES;
				GCC_WARN_UNUSED_VARIABLE = YES;
				IPHONEOS_DEPLOYMENT_TARGET = 9.2;
				MTL_ENABLE_DEBUG_INFO = NO;
				SDKROOT = iphoneos;
				VALIDATE_PRODUCT = YES;
			};
			name = Release;
		};
		6C3904181C573514008B9806 /* Debug */ = {
			isa = XCBuildConfiguration;
			buildSettings = {
				ASSETCATALOG_COMPILER_APPICON_NAME = AppIcon;
				INFOPLIST_FILE = swiftPrac/Info.plist;
				LD_RUNPATH_SEARCH_PATHS = "$(inherited) @executable_path/Frameworks";
				PRODUCT_BUNDLE_IDENTIFIER = com.leverages.swiftPrac;
				PRODUCT_NAME = "$(TARGET_NAME)";
			};
			name = Debug;
		};
		6C3904191C573514008B9806 /* Release */ = {
			isa = XCBuildConfiguration;
			buildSettings = {
				ASSETCATALOG_COMPILER_APPICON_NAME = AppIcon;
				INFOPLIST_FILE = swiftPrac/Info.plist;
				LD_RUNPATH_SEARCH_PATHS = "$(inherited) @executable_path/Frameworks";
				PRODUCT_BUNDLE_IDENTIFIER = com.leverages.swiftPrac;
				PRODUCT_NAME = "$(TARGET_NAME)";
			};
			name = Release;
		};
		6C39041B1C573514008B9806 /* Debug */ = {
			isa = XCBuildConfiguration;
			buildSettings = {
				BUNDLE_LOADER = "$(TEST_HOST)";
				INFOPLIST_FILE = swiftPracTests/Info.plist;
				LD_RUNPATH_SEARCH_PATHS = "$(inherited) @executable_path/Frameworks @loader_path/Frameworks";
				PRODUCT_BUNDLE_IDENTIFIER = com.leverages.swiftPracTests;
				PRODUCT_NAME = "$(TARGET_NAME)";
				TEST_HOST = "$(BUILT_PRODUCTS_DIR)/swiftPrac.app/swiftPrac";
			};
			name = Debug;
		};
		6C39041C1C573514008B9806 /* Release */ = {
			isa = XCBuildConfiguration;
			buildSettings = {
				BUNDLE_LOADER = "$(TEST_HOST)";
				INFOPLIST_FILE = swiftPracTests/Info.plist;
				LD_RUNPATH_SEARCH_PATHS = "$(inherited) @executable_path/Frameworks @loader_path/Frameworks";
				PRODUCT_BUNDLE_IDENTIFIER = com.leverages.swiftPracTests;
				PRODUCT_NAME = "$(TARGET_NAME)";
				TEST_HOST = "$(BUILT_PRODUCTS_DIR)/swiftPrac.app/swiftPrac";
			};
			name = Release;
		};
		6C39041E1C573514008B9806 /* Debug */ = {
			isa = XCBuildConfiguration;
			buildSettings = {
				INFOPLIST_FILE = swiftPracUITests/Info.plist;
				LD_RUNPATH_SEARCH_PATHS = "$(inherited) @executable_path/Frameworks @loader_path/Frameworks";
				PRODUCT_BUNDLE_IDENTIFIER = com.leverages.swiftPracUITests;
				PRODUCT_NAME = "$(TARGET_NAME)";
				TEST_TARGET_NAME = swiftPrac;
				USES_XCTRUNNER = YES;
			};
			name = Debug;
		};
		6C39041F1C573514008B9806 /* Release */ = {
			isa = XCBuildConfiguration;
			buildSettings = {
				INFOPLIST_FILE = swiftPracUITests/Info.plist;
				LD_RUNPATH_SEARCH_PATHS = "$(inherited) @executable_path/Frameworks @loader_path/Frameworks";
				PRODUCT_BUNDLE_IDENTIFIER = com.leverages.swiftPracUITests;
				PRODUCT_NAME = "$(TARGET_NAME)";
				TEST_TARGET_NAME = swiftPrac;
				USES_XCTRUNNER = YES;
			};
			name = Release;
		};
/* End XCBuildConfiguration section */

/* Begin XCConfigurationList section */
		6C3903E81C573513008B9806 /* Build configuration list for PBXProject "swiftPrac" */ = {
			isa = XCConfigurationList;
			buildConfigurations = (
				6C3904151C573514008B9806 /* Debug */,
				6C3904161C573514008B9806 /* Release */,
			);
			defaultConfigurationIsVisible = 0;
			defaultConfigurationName = Release;
		};
		6C3904171C573514008B9806 /* Build configuration list for PBXNativeTarget "swiftPrac" */ = {
			isa = XCConfigurationList;
			buildConfigurations = (
				6C3904181C573514008B9806 /* Debug */,
				6C3904191C573514008B9806 /* Release */,
			);
			defaultConfigurationIsVisible = 0;
		};
		6C39041A1C573514008B9806 /* Build configuration list for PBXNativeTarget "swiftPracTests" */ = {
			isa = XCConfigurationList;
			buildConfigurations = (
				6C39041B1C573514008B9806 /* Debug */,
				6C39041C1C573514008B9806 /* Release */,
			);
			defaultConfigurationIsVisible = 0;
		};
		6C39041D1C573514008B9806 /* Build configuration list for PBXNativeTarget "swiftPracUITests" */ = {
			isa = XCConfigurationList;
			buildConfigurations = (
				6C39041E1C573514008B9806 /* Debug */,
				6C39041F1C573514008B9806 /* Release */,
			);
			defaultConfigurationIsVisible = 0;
		};
/* End XCConfigurationList section */
	};
	rootObject = 6C3903E51C573513008B9806 /* Project object */;
}
